// !$*UTF8*$!
{
	archiveVersion = 1;
	classes = {
	};
	objectVersion = 48;
	objects = {

/* Begin PBXBuildFile section */
		3F00E3F51FC099A400165A0A /* AppDelegate.swift in Sources */ = {isa = PBXBuildFile; fileRef = 3F00E3F41FC099A400165A0A /* AppDelegate.swift */; };
		3F00E3F71FC099A400165A0A /* ViewController.swift in Sources */ = {isa = PBXBuildFile; fileRef = 3F00E3F61FC099A400165A0A /* ViewController.swift */; };
		3F00E3FA1FC099A400165A0A /* Main.storyboard in Resources */ = {isa = PBXBuildFile; fileRef = 3F00E3F81FC099A400165A0A /* Main.storyboard */; };
		3F00E3FC1FC099A400165A0A /* Assets.xcassets in Resources */ = {isa = PBXBuildFile; fileRef = 3F00E3FB1FC099A400165A0A /* Assets.xcassets */; };
		3F00E3FF1FC099A400165A0A /* LaunchScreen.storyboard in Resources */ = {isa = PBXBuildFile; fileRef = 3F00E3FD1FC099A400165A0A /* LaunchScreen.storyboard */; };
		3F00E4071FC09A4E00165A0A /* RoundButton.swift in Sources */ = {isa = PBXBuildFile; fileRef = 3F00E4061FC09A4E00165A0A /* RoundButton.swift */; };
/* End PBXBuildFile section */

/* Begin PBXFileReference section */
		3F00E3F11FC099A400165A0A /* CALCULATOR.app */ = {isa = PBXFileReference; explicitFileType = wrapper.application; includeInIndex = 0; path = CALCULATOR.app; sourceTree = BUILT_PRODUCTS_DIR; };
		3F00E3F41FC099A400165A0A /* AppDelegate.swift */ = {isa = PBXFileReference; lastKnownFileType = sourcecode.swift; path = AppDelegate.swift; sourceTree = "<group>"; };
		3F00E3F61FC099A400165A0A /* ViewController.swift */ = {isa = PBXFileReference; lastKnownFileType = sourcecode.swift; path = ViewController.swift; sourceTree = "<group>"; };
		3F00E3F91FC099A400165A0A /* Base */ = {isa = PBXFileReference; lastKnownFileType = file.storyboard; name = Base; path = Base.lproj/Main.storyboard; sourceTree = "<group>"; };
		3F00E3FB1FC099A400165A0A /* Assets.xcassets */ = {isa = PBXFileReference; lastKnownFileType = folder.assetcatalog; path = Assets.xcassets; sourceTree = "<group>"; };
		3F00E3FE1FC099A400165A0A /* Base */ = {isa = PBXFileReference; lastKnownFileType = file.storyboard; name = Base; path = Base.lproj/LaunchScreen.storyboard; sourceTree = "<group>"; };
		3F00E4001FC099A400165A0A /* Info.plist */ = {isa = PBXFileReference; lastKnownFileType = text.plist.xml; path = Info.plist; sourceTree = "<group>"; };
		3F00E4061FC09A4E00165A0A /* RoundButton.swift */ = {isa = PBXFileReference; lastKnownFileType = sourcecode.swift; path = RoundButton.swift; sourceTree = "<group>"; };
/* End PBXFileReference section */

/* Begin PBXFrameworksBuildPhase section */
		3F00E3EE1FC099A400165A0A /* Frameworks */ = {
			isa = PBXFrameworksBuildPhase;
			buildActionMask = 2147483647;
			files = (
			);
			runOnlyForDeploymentPostprocessing = 0;
		};
/* End PBXFrameworksBuildPhase section */

/* Begin PBXGroup section */
		3F00E3E81FC099A400165A0A = {
			isa = PBXGroup;
			children = (
				3F00E3F31FC099A400165A0A /* CALCULATOR */,
				3F00E3F21FC099A400165A0A /* Products */,
			);
			sourceTree = "<group>";
		};
		3F00E3F21FC099A400165A0A /* Products */ = {
			isa = PBXGroup;
			children = (
				3F00E3F11FC099A400165A0A /* CALCULATOR.app */,
			);
			name = Products;
			sourceTree = "<group>";
		};
		3F00E3F31FC099A400165A0A /* CALCULATOR */ = {
			isa = PBXGroup;
			children = (
				3F00E3F41FC099A400165A0A /* AppDelegate.swift */,
				3F00E3F61FC099A400165A0A /* ViewController.swift */,
				3F00E4061FC09A4E00165A0A /* RoundButton.swift */,
				3F00E3F81FC099A400165A0A /* Main.storyboard */,
				3F00E3FB1FC099A400165A0A /* Assets.xcassets */,
				3F00E3FD1FC099A400165A0A /* LaunchScreen.storyboard */,
				3F00E4001FC099A400165A0A /* Info.plist */,
			);
			path = CALCULATOR;
			sourceTree = "<group>";
		};
/* End PBXGroup section */

/* Begin PBXNativeTarget section */
		3F00E3F01FC099A400165A0A /* CALCULATOR */ = {
			isa = PBXNativeTarget;
			buildConfigurationList = 3F00E4031FC099A400165A0A /* Build configuration list for PBXNativeTarget "CALCULATOR" */;
			buildPhases = (
				3F00E3ED1FC099A400165A0A /* Sources */,
				3F00E3EE1FC099A400165A0A /* Frameworks */,
				3F00E3EF1FC099A400165A0A /* Resources */,
			);
			buildRules = (
			);
			dependencies = (
			);
			name = CALCULATOR;
			productName = CALCULATOR;
			productReference = 3F00E3F11FC099A400165A0A /* CALCULATOR.app */;
			productType = "com.apple.product-type.application";
		};
/* End PBXNativeTarget section */

/* Begin PBXProject section */
		3F00E3E91FC099A400165A0A /* Project object */ = {
			isa = PBXProject;
			attributes = {
				LastSwiftUpdateCheck = 0910;
				LastUpgradeCheck = 0910;
				ORGANIZATIONNAME = "Yash Patel";
				TargetAttributes = {
					3F00E3F01FC099A400165A0A = {
						CreatedOnToolsVersion = 9.1;
						ProvisioningStyle = Automatic;
					};
				};
			};
			buildConfigurationList = 3F00E3EC1FC099A400165A0A /* Build configuration list for PBXProject "CALCULATOR" */;
			compatibilityVersion = "Xcode 8.0";
			developmentRegion = en;
			hasScannedForEncodings = 0;
			knownRegions = (
				en,
				Base,
			);
			mainGroup = 3F00E3E81FC099A400165A0A;
			productRefGroup = 3F00E3F21FC099A400165A0A /* Products */;
			projectDirPath = "";
			projectRoot = "";
			targets = (
				3F00E3F01FC099A400165A0A /* CALCULATOR */,
			);
		};
/* End PBXProject section */

/* Begin PBXResourcesBuildPhase section */
		3F00E3EF1FC099A400165A0A /* Resources */ = {
			isa = PBXResourcesBuildPhase;
			buildActionMask = 2147483647;
			files = (
				3F00E3FF1FC099A400165A0A /* LaunchScreen.storyboard in Resources */,
				3F00E3FC1FC099A400165A0A /* Assets.xcassets in Resources */,
				3F00E3FA1FC099A400165A0A /* Main.storyboard in Resources */,
			);
			runOnlyForDeploymentPostprocessing = 0;
		};
/* End PBXResourcesBuildPhase section */

/* Begin PBXSourcesBuildPhase section */
		3F00E3ED1FC099A400165A0A /* Sources */ = {
			isa = PBXSourcesBuildPhase;
			buildActionMask = 2147483647;
			files = (
				3F00E4071FC09A4E00165A0A /* RoundButton.swift in Sources */,
				3F00E3F71FC099A400165A0A /* ViewController.swift in Sources */,
				3F00E3F51FC099A400165A0A /* AppDelegate.swift in Sources */,
			);
			runOnlyForDeploymentPostprocessing = 0;
		};
/* End PBXSourcesBuildPhase section */

/* Begin PBXVariantGroup section */
		3F00E3F81FC099A400165A0A /* Main.storyboard */ = {
			isa = PBXVariantGroup;
			children = (
				3F00E3F91FC099A400165A0A /* Base */,
			);
			name = Main.storyboard;
			sourceTree = "<group>";
		};
		3F00E3FD1FC099A400165A0A /* LaunchScreen.storyboard */ = {
			isa = PBXVariantGroup;
			children = (
				3F00E3FE1FC099A400165A0A /* Base */,
			);
			name = LaunchScreen.storyboard;
			sourceTree = "<group>";
		};
/* End PBXVariantGroup section */

/* Begin XCBuildConfiguration section */
		3F00E4011FC099A400165A0A /* Debug */ = {
			isa = XCBuildConfiguration;
			buildSettings = {
				ALWAYS_SEARCH_USER_PATHS = NO;
				CLANG_ANALYZER_NONNULL = YES;
				CLANG_ANALYZER_NUMBER_OBJECT_CONVERSION = YES_AGGRESSIVE;
				CLANG_CXX_LANGUAGE_STANDARD = "gnu++14";
				CLANG_CXX_LIBRARY = "libc++";
				CLANG_ENABLE_MODULES = YES;
				CLANG_ENABLE_OBJC_ARC = YES;
				CLANG_WARN_BLOCK_CAPTURE_AUTORELEASING = YES;
				CLANG_WARN_BOOL_CONVERSION = YES;
				CLANG_WARN_COMMA = YES;
				CLANG_WARN_CONSTANT_CONVERSION = YES;
				CLANG_WARN_DIRECT_OBJC_ISA_USAGE = YES_ERROR;
				CLANG_WARN_DOCUMENTATION_COMMENTS = YES;
				CLANG_WARN_EMPTY_BODY = YES;
				CLANG_WARN_ENUM_CONVERSION = YES;
				CLANG_WARN_INFINITE_RECURSION = YES;
				CLANG_WARN_INT_CONVERSION = YES;
				CLANG_WARN_NON_LITERAL_NULL_CONVERSION = YES;
				CLANG_WARN_OBJC_LITERAL_CONVERSION = YES;
				CLANG_WARN_OBJC_ROOT_CLASS = YES_ERROR;
				CLANG_WARN_RANGE_LOOP_ANALYSIS = YES;
				CLANG_WARN_STRICT_PROTOTYPES = YES;
				CLANG_WARN_SUSPICIOUS_MOVE = YES;
				CLANG_WARN_UNGUARDED_AVAILABILITY = YES_AGGRESSIVE;
				CLANG_WARN_UNREACHABLE_CODE = YES;
				CLANG_WARN__DUPLICATE_METHOD_MATCH = YES;
				CODE_SIGN_IDENTITY = "iPhone Developer";
				COPY_PHASE_STRIP = NO;
				DEBUG_INFORMATION_FORMAT = dwarf;
				ENABLE_STRICT_OBJC_MSGSEND = YES;
				ENABLE_TESTABILITY = YES;
				GCC_C_LANGUAGE_STANDARD = gnu11;
				GCC_DYNAMIC_NO_PIC = NO;
				GCC_NO_COMMON_BLOCKS = YES;
				GCC_OPTIMIZATION_LEVEL = 0;
				GCC_PREPROCESSOR_DEFINITIONS = (
					"DEBUG=1",
					"$(inherited)",
				);
				GCC_WARN_64_TO_32_BIT_CONVERSION = YES;
				GCC_WARN_ABOUT_RETURN_TYPE = YES_ERROR;
				GCC_WARN_UNDECLARED_SELECTOR = YES;
				GCC_WARN_UNINITIALIZED_AUTOS = YES_AGGRESSIVE;
				GCC_WARN_UNUSED_FUNCTION = YES;
				GCC_WARN_UNUSED_VARIABLE = YES;
				IPHONEOS_DEPLOYMENT_TARGET = 11.1;
				MTL_ENABLE_DEBUG_INFO = YES;
				ONLY_ACTIVE_ARCH = YES;
				SDKROOT = iphoneos;
				SWIFT_ACTIVE_COMPILATION_CONDITIONS = DEBUG;
				SWIFT_OPTIMIZATION_LEVEL = "-Onone";
			};
			name = Debug;
		};
		3F00E4021FC099A400165A0A /* Release */ = {
			isa = XCBuildConfiguration;
			buildSettings = {
				ALWAYS_SEARCH_USER_PATHS = NO;
				CLANG_ANALYZER_NONNULL = YES;
				CLANG_ANALYZER_NUMBER_OBJECT_CONVERSION = YES_AGGRESSIVE;
				CLANG_CXX_LANGUAGE_STANDARD = "gnu++14";
				CLANG_CXX_LIBRARY = "libc++";
				CLANG_ENABLE_MODULES = YES;
				CLANG_ENABLE_OBJC_ARC = YES;
				CLANG_WARN_BLOCK_CAPTURE_AUTORELEASING = YES;
				CLANG_WARN_BOOL_CONVERSION = YES;
				CLANG_WARN_COMMA = YES;
				CLANG_WARN_CONSTANT_CONVERSION = YES;
				CLANG_WARN_DIRECT_OBJC_ISA_USAGE = YES_ERROR;
				CLANG_WARN_DOCUMENTATION_COMMENTS = YES;
				CLANG_WARN_EMPTY_BODY = YES;
				CLANG_WARN_ENUM_CONVERSION = YES;
				CLANG_WARN_INFINITE_RECURSION = YES;
				CLANG_WARN_INT_CONVERSION = YES;
				CLANG_WARN_NON_LITERAL_NULL_CONVERSION = YES;
				CLANG_WARN_OBJC_LITERAL_CONVERSION = YES;
				CLANG_WARN_OBJC_ROOT_CLASS = YES_ERROR;
				CLANG_WARN_RANGE_LOOP_ANALYSIS = YES;
				CLANG_WARN_STRICT_PROTOTYPES = YES;
				CLANG_WARN_SUSPICIOUS_MOVE = YES;
				CLANG_WARN_UNGUARDED_AVAILABILITY = YES_AGGRESSIVE;
				CLANG_WARN_UNREACHABLE_CODE = YES;
				CLANG_WARN__DUPLICATE_METHOD_MATCH = YES;
				CODE_SIGN_IDENTITY = "iPhone Developer";
				COPY_PHASE_STRIP = NO;
				DEBUG_INFORMATION_FORMAT = "dwarf-with-dsym";
				ENABLE_NS_ASSERTIONS = NO;
				ENABLE_STRICT_OBJC_MSGSEND = YES;
				GCC_C_LANGUAGE_STANDARD = gnu11;
				GCC_NO_COMMON_BLOCKS = YES;
				GCC_WARN_64_TO_32_BIT_CONVERSION = YES;
				GCC_WARN_ABOUT_RETURN_TYPE = YES_ERROR;
				GCC_WARN_UNDECLARED_SELECTOR = YES;
				GCC_WARN_UNINITIALIZED_AUTOS = YES_AGGRESSIVE;
				GCC_WARN_UNUSED_FUNCTION = YES;
				GCC_WARN_UNUSED_VARIABLE = YES;
				IPHONEOS_DEPLOYMENT_TARGET = 11.1;
				MTL_ENABLE_DEBUG_INFO = NO;
				SDKROOT = iphoneos;
				SWIFT_OPTIMIZATION_LEVEL = "-Owholemodule";
				VALIDATE_PRODUCT = YES;
			};
			name = Release;
		};
		3F00E4041FC099A400165A0A /* Debug */ = {
			isa = XCBuildConfiguration;
			buildSettings = {
				ASSETCATALOG_COMPILER_APPICON_NAME = AppIcon;
				CODE_SIGN_STYLE = Automatic;
				DEVELOPMENT_TEAM = "";
				INFOPLIST_FILE = CALCULATOR/Info.plist;
				LD_RUNPATH_SEARCH_PATHS = "$(inherited) @executable_path/Frameworks";
				PRODUCT_BUNDLE_IDENTIFIER = com.example.CALCULATOR;
				PRODUCT_NAME = "$(TARGET_NAME)";
				SWIFT_VERSION = 4.0;
				TARGETED_DEVICE_FAMILY = "1,2";
			};
			name = Debug;
		};
		3F00E4051FC099A400165A0A /* Release */ = {
			isa = XCBuildConfiguration;
			buildSettings = {
				ASSETCATALOG_COMPILER_APPICON_NAME = AppIcon;
				CODE_SIGN_STYLE = Automatic;
				DEVELOPMENT_TEAM = "";
				INFOPLIST_FILE = CALCULATOR/Info.plist;
				LD_RUNPATH_SEARCH_PATHS = "$(inherited) @executable_path/Frameworks";
				PRODUCT_BUNDLE_IDENTIFIER = com.example.CALCULATOR;
				PRODUCT_NAME = "$(TARGET_NAME)";
				SWIFT_VERSION = 4.0;
				TARGETED_DEVICE_FAMILY = "1,2";
			};
			name = Release;
		};
/* End XCBuildConfiguration section */

/* Begin XCConfigurationList section */
		3F00E3EC1FC099A400165A0A /* Build configuration list for PBXProject "CALCULATOR" */ = {
			isa = XCConfigurationList;
			buildConfigurations = (
				3F00E4011FC099A400165A0A /* Debug */,
				3F00E4021FC099A400165A0A /* Release */,
			);
			defaultConfigurationIsVisible = 0;
			defaultConfigurationName = Release;
		};
		3F00E4031FC099A400165A0A /* Build configuration list for PBXNativeTarget "CALCULATOR" */ = {
			isa = XCConfigurationList;
			buildConfigurations = (
				3F00E4041FC099A400165A0A /* Debug */,
				3F00E4051FC099A400165A0A /* Release */,
			);
			defaultConfigurationIsVisible = 0;
			defaultConfigurationName = Release;
		};
/* End XCConfigurationList section */
	};
	rootObject = 3F00E3E91FC099A400165A0A /* Project object */;
}
